
Microsoft Visual Studio Solution File, Format Version 12.00
# Visual Studio Version 17
VisualStudioVersion = 17.5.002.0
MinimumVisualStudioVersion = 10.0.40219.1
Project("{9A19103F-16F7-4668-BE54-9A1E7A4F7556}") = "projeto-desenvolvimento-software-visual", "projeto-desenvolvimento-software-visual.csproj", "{4520A9D7-30A0-4082-8F1A-7C44F0323DDA}"
EndProject
Global
	GlobalSection(SolutionConfigurationPlatforms) = preSolution
		Debug|Any CPU = Debug|Any CPU
		Release|Any CPU = Release|Any CPU
	EndGlobalSection
	GlobalSection(ProjectConfigurationPlatforms) = postSolution
		{4520A9D7-30A0-4082-8F1A-7C44F0323DDA}.Debug|Any CPU.ActiveCfg = Debug|Any CPU
		{4520A9D7-30A0-4082-8F1A-7C44F0323DDA}.Debug|Any CPU.Build.0 = Debug|Any CPU
		{4520A9D7-30A0-4082-8F1A-7C44F0323DDA}.Release|Any CPU.ActiveCfg = Release|Any CPU
		{4520A9D7-30A0-4082-8F1A-7C44F0323DDA}.Release|Any CPU.Build.0 = Release|Any CPU
	EndGlobalSection
	GlobalSection(SolutionProperties) = preSolution
		HideSolutionNode = FALSE
	EndGlobalSection
	GlobalSection(ExtensibilityGlobals) = postSolution
		SolutionGuid = {AB673C6D-28AB-4520-BDFE-C0223B78A1FB}
	EndGlobalSection
EndGlobal
